
Microsoft Visual Studio Solution File, Format Version 12.00
# Visual Studio Version 16
VisualStudioVersion = 16.0.30717.126
MinimumVisualStudioVersion = 10.0.40219.1
Project("{FAE04EC0-301F-11D3-BF4B-00C04F79EFBC}") = "BucketGame.Core", "BucketGame.Core\BucketGame.Core.csproj", "{60F250B2-6FDB-4455-89C1-29BB3675A73A}"
EndProject
Project("{FAE04EC0-301F-11D3-BF4B-00C04F79EFBC}") = "BucketGame.Models", "BucketGame.Models\BucketGame.Models.csproj", "{F08B439E-192F-4F49-848A-5CFFCFB542E6}"
EndProject
Global
	GlobalSection(SolutionConfigurationPlatforms) = preSolution
		Debug|Any CPU = Debug|Any CPU
		Release|Any CPU = Release|Any CPU
	EndGlobalSection
	GlobalSection(ProjectConfigurationPlatforms) = postSolution
		{60F250B2-6FDB-4455-89C1-29BB3675A73A}.Debug|Any CPU.ActiveCfg = Debug|Any CPU
		{60F250B2-6FDB-4455-89C1-29BB3675A73A}.Debug|Any CPU.Build.0 = Debug|Any CPU
		{60F250B2-6FDB-4455-89C1-29BB3675A73A}.Release|Any CPU.ActiveCfg = Release|Any CPU
		{60F250B2-6FDB-4455-89C1-29BB3675A73A}.Release|Any CPU.Build.0 = Release|Any CPU
		{F08B439E-192F-4F49-848A-5CFFCFB542E6}.Debug|Any CPU.ActiveCfg = Debug|Any CPU
		{F08B439E-192F-4F49-848A-5CFFCFB542E6}.Debug|Any CPU.Build.0 = Debug|Any CPU
		{F08B439E-192F-4F49-848A-5CFFCFB542E6}.Release|Any CPU.ActiveCfg = Release|Any CPU
		{F08B439E-192F-4F49-848A-5CFFCFB542E6}.Release|Any CPU.Build.0 = Release|Any CPU
	EndGlobalSection
	GlobalSection(SolutionProperties) = preSolution
		HideSolutionNode = FALSE
	EndGlobalSection
	GlobalSection(ExtensibilityGlobals) = postSolution
		SolutionGuid = {E470BEA3-665A-4052-971D-70B9B1845FE7}
	EndGlobalSection
EndGlobal
